
Microsoft Visual Studio Solution File, Format Version 12.00
# Visual Studio Version 17
VisualStudioVersion = 17.3.32804.467
MinimumVisualStudioVersion = 10.0.40219.1
Project("{9A19103F-16F7-4668-BE54-9A1E7A4F7556}") = "BiomedicalWebApp", "BiomedicalWebApp\BiomedicalWebApp.csproj", "{833ED9AE-CB27-46B2-A9CD-C6169E9AD9D1}"
EndProject
Project("{F14B399A-7131-4C87-9E4B-1186C45EF12D}") = "BiomedicalReports", "BiomedicalReports\BiomedicalReports.rptproj", "{F010A68A-7A8F-49A0-941D-8EF0E710FA55}"
EndProject
Project("{F14B399A-7131-4C87-9E4B-1186C45EF12D}") = "Report Project1", "Report Project1\Report Project1.rptproj", "{2E4475A3-1B9F-49F8-AB72-9B77D46C3FDF}"
EndProject
Global
	GlobalSection(SolutionConfigurationPlatforms) = preSolution
		Debug|Any CPU = Debug|Any CPU
		DebugLocal|Any CPU = DebugLocal|Any CPU
		Release|Any CPU = Release|Any CPU
	EndGlobalSection
	GlobalSection(ProjectConfigurationPlatforms) = postSolution
		{833ED9AE-CB27-46B2-A9CD-C6169E9AD9D1}.Debug|Any CPU.ActiveCfg = Debug|Any CPU
		{833ED9AE-CB27-46B2-A9CD-C6169E9AD9D1}.Debug|Any CPU.Build.0 = Debug|Any CPU
		{833ED9AE-CB27-46B2-A9CD-C6169E9AD9D1}.DebugLocal|Any CPU.ActiveCfg = Debug|Any CPU
		{833ED9AE-CB27-46B2-A9CD-C6169E9AD9D1}.DebugLocal|Any CPU.Build.0 = Debug|Any CPU
		{833ED9AE-CB27-46B2-A9CD-C6169E9AD9D1}.Release|Any CPU.ActiveCfg = Release|Any CPU
		{833ED9AE-CB27-46B2-A9CD-C6169E9AD9D1}.Release|Any CPU.Build.0 = Release|Any CPU
		{F010A68A-7A8F-49A0-941D-8EF0E710FA55}.Debug|Any CPU.ActiveCfg = Debug
		{F010A68A-7A8F-49A0-941D-8EF0E710FA55}.Debug|Any CPU.Build.0 = Debug
		{F010A68A-7A8F-49A0-941D-8EF0E710FA55}.Debug|Any CPU.Deploy.0 = Debug
		{F010A68A-7A8F-49A0-941D-8EF0E710FA55}.DebugLocal|Any CPU.ActiveCfg = DebugLocal
		{F010A68A-7A8F-49A0-941D-8EF0E710FA55}.DebugLocal|Any CPU.Build.0 = DebugLocal
		{F010A68A-7A8F-49A0-941D-8EF0E710FA55}.Release|Any CPU.ActiveCfg = Release
		{F010A68A-7A8F-49A0-941D-8EF0E710FA55}.Release|Any CPU.Build.0 = Release
		{F010A68A-7A8F-49A0-941D-8EF0E710FA55}.Release|Any CPU.Deploy.0 = Release
		{2E4475A3-1B9F-49F8-AB72-9B77D46C3FDF}.Debug|Any CPU.ActiveCfg = Debug
		{2E4475A3-1B9F-49F8-AB72-9B77D46C3FDF}.Debug|Any CPU.Build.0 = Debug
		{2E4475A3-1B9F-49F8-AB72-9B77D46C3FDF}.Debug|Any CPU.Deploy.0 = Debug
		{2E4475A3-1B9F-49F8-AB72-9B77D46C3FDF}.DebugLocal|Any CPU.ActiveCfg = DebugLocal
		{2E4475A3-1B9F-49F8-AB72-9B77D46C3FDF}.DebugLocal|Any CPU.Build.0 = DebugLocal
		{2E4475A3-1B9F-49F8-AB72-9B77D46C3FDF}.Release|Any CPU.ActiveCfg = Release
		{2E4475A3-1B9F-49F8-AB72-9B77D46C3FDF}.Release|Any CPU.Build.0 = Release
		{2E4475A3-1B9F-49F8-AB72-9B77D46C3FDF}.Release|Any CPU.Deploy.0 = Release
	EndGlobalSection
	GlobalSection(SolutionProperties) = preSolution
		HideSolutionNode = FALSE
	EndGlobalSection
	GlobalSection(ExtensibilityGlobals) = postSolution
		SolutionGuid = {FCECD1D0-9D1E-4D52-923F-A1FCD31D552E}
	EndGlobalSection
EndGlobal
